
Microsoft Visual Studio Solution File, Format Version 12.00
# Visual Studio Version 17
VisualStudioVersion = 17.0.32112.339
MinimumVisualStudioVersion = 10.0.40219.1
Project("{FAE04EC0-301F-11D3-BF4B-00C04F79EFBC}") = "MetaBanking.UWP", "MetaBanking.UWP\MetaBanking.UWP.csproj", "{B59B6686-AAF7-4EA6-9A40-A4795447185A}"
EndProject
Project("{FAE04EC0-301F-11D3-BF4B-00C04F79EFBC}") = "MetaBanking.Android", "MetaBanking.Android\MetaBanking.Android.csproj", "{F0A8CDEE-3413-48DD-9CA4-B0B4350E4E48}"
EndProject
Project("{FAE04EC0-301F-11D3-BF4B-00C04F79EFBC}") = "MetaBanking.iOS", "MetaBanking.iOS\MetaBanking.iOS.csproj", "{65551267-2F9A-4D8B-A87B-77B0494A229B}"
EndProject
Project("{FAE04EC0-301F-11D3-BF4B-00C04F79EFBC}") = "MetaBanking", "MetaBanking\MetaBanking.csproj", "{32A34218-FCBA-48FB-9937-7BB12EB6CFAA}"
EndProject
Global
	GlobalSection(SolutionConfigurationPlatforms) = preSolution
		Debug|Any CPU = Debug|Any CPU
		Debug|ARM = Debug|ARM
		Debug|iPhone = Debug|iPhone
		Debug|iPhoneSimulator = Debug|iPhoneSimulator
		Debug|x64 = Debug|x64
		Debug|x86 = Debug|x86
		Release|Any CPU = Release|Any CPU
		Release|ARM = Release|ARM
		Release|iPhone = Release|iPhone
		Release|iPhoneSimulator = Release|iPhoneSimulator
		Release|x64 = Release|x64
		Release|x86 = Release|x86
	EndGlobalSection
	GlobalSection(ProjectConfigurationPlatforms) = postSolution
		{B59B6686-AAF7-4EA6-9A40-A4795447185A}.Debug|Any CPU.ActiveCfg = Debug|x64
		{B59B6686-AAF7-4EA6-9A40-A4795447185A}.Debug|Any CPU.Build.0 = Debug|x64
		{B59B6686-AAF7-4EA6-9A40-A4795447185A}.Debug|Any CPU.Deploy.0 = Debug|x64
		{B59B6686-AAF7-4EA6-9A40-A4795447185A}.Debug|ARM.ActiveCfg = Debug|ARM
		{B59B6686-AAF7-4EA6-9A40-A4795447185A}.Debug|ARM.Build.0 = Debug|ARM
		{B59B6686-AAF7-4EA6-9A40-A4795447185A}.Debug|ARM.Deploy.0 = Debug|ARM
		{B59B6686-AAF7-4EA6-9A40-A4795447185A}.Debug|iPhone.ActiveCfg = Debug|x64
		{B59B6686-AAF7-4EA6-9A40-A4795447185A}.Debug|iPhone.Build.0 = Debug|x64
		{B59B6686-AAF7-4EA6-9A40-A4795447185A}.Debug|iPhone.Deploy.0 = Debug|x64
		{B59B6686-AAF7-4EA6-9A40-A4795447185A}.Debug|iPhoneSimulator.ActiveCfg = Debug|x64
		{B59B6686-AAF7-4EA6-9A40-A4795447185A}.Debug|iPhoneSimulator.Build.0 = Debug|x64
		{B59B6686-AAF7-4EA6-9A40-A4795447185A}.Debug|iPhoneSimulator.Deploy.0 = Debug|x64
		{B59B6686-AAF7-4EA6-9A40-A4795447185A}.Debug|x64.ActiveCfg = Debug|x64
		{B59B6686-AAF7-4EA6-9A40-A4795447185A}.Debug|x64.Build.0 = Debug|x64
		{B59B6686-AAF7-4EA6-9A40-A4795447185A}.Debug|x64.Deploy.0 = Debug|x64
		{B59B6686-AAF7-4EA6-9A40-A4795447185A}.Debug|x86.ActiveCfg = Debug|x86
		{B59B6686-AAF7-4EA6-9A40-A4795447185A}.Debug|x86.Build.0 = Debug|x86
		{B59B6686-AAF7-4EA6-9A40-A4795447185A}.Debug|x86.Deploy.0 = Debug|x86
		{B59B6686-AAF7-4EA6-9A40-A4795447185A}.Release|Any CPU.ActiveCfg = Release|x64
		{B59B6686-AAF7-4EA6-9A40-A4795447185A}.Release|Any CPU.Build.0 = Release|x64
		{B59B6686-AAF7-4EA6-9A40-A4795447185A}.Release|Any CPU.Deploy.0 = Release|x64
		{B59B6686-AAF7-4EA6-9A40-A4795447185A}.Release|ARM.ActiveCfg = Release|ARM
		{B59B6686-AAF7-4EA6-9A40-A4795447185A}.Release|ARM.Build.0 = Release|ARM
		{B59B6686-AAF7-4EA6-9A40-A4795447185A}.Release|ARM.Deploy.0 = Release|ARM
		{B59B6686-AAF7-4EA6-9A40-A4795447185A}.Release|iPhone.ActiveCfg = Release|x64
		{B59B6686-AAF7-4EA6-9A40-A4795447185A}.Release|iPhone.Build.0 = Release|x64
		{B59B6686-AAF7-4EA6-9A40-A4795447185A}.Release|iPhone.Deploy.0 = Release|x64
		{B59B6686-AAF7-4EA6-9A40-A4795447185A}.Release|iPhoneSimulator.ActiveCfg = Release|x64
		{B59B6686-AAF7-4EA6-9A40-A4795447185A}.Release|iPhoneSimulator.Build.0 = Release|x64
		{B59B6686-AAF7-4EA6-9A40-A4795447185A}.Release|iPhoneSimulator.Deploy.0 = Release|x64
		{B59B6686-AAF7-4EA6-9A40-A4795447185A}.Release|x64.ActiveCfg = Release|x64
		{B59B6686-AAF7-4EA6-9A40-A4795447185A}.Release|x64.Build.0 = Release|x64
		{B59B6686-AAF7-4EA6-9A40-A4795447185A}.Release|x64.Deploy.0 = Release|x64
		{B59B6686-AAF7-4EA6-9A40-A4795447185A}.Release|x86.ActiveCfg = Release|x86
		{B59B6686-AAF7-4EA6-9A40-A4795447185A}.Release|x86.Build.0 = Release|x86
		{B59B6686-AAF7-4EA6-9A40-A4795447185A}.Release|x86.Deploy.0 = Release|x86
		{F0A8CDEE-3413-48DD-9CA4-B0B4350E4E48}.Debug|Any CPU.ActiveCfg = Debug|Any CPU
		{F0A8CDEE-3413-48DD-9CA4-B0B4350E4E48}.Debug|Any CPU.Build.0 = Debug|Any CPU
		{F0A8CDEE-3413-48DD-9CA4-B0B4350E4E48}.Debug|Any CPU.Deploy.0 = Debug|Any CPU
		{F0A8CDEE-3413-48DD-9CA4-B0B4350E4E48}.Debug|ARM.ActiveCfg = Debug|Any CPU
		{F0A8CDEE-3413-48DD-9CA4-B0B4350E4E48}.Debug|ARM.Build.0 = Debug|Any CPU
		{F0A8CDEE-3413-48DD-9CA4-B0B4350E4E48}.Debug|ARM.Deploy.0 = Debug|Any CPU
		{F0A8CDEE-3413-48DD-9CA4-B0B4350E4E48}.Debug|iPhone.ActiveCfg = Debug|Any CPU
		{F0A8CDEE-3413-48DD-9CA4-B0B4350E4E48}.Debug|iPhone.Build.0 = Debug|Any CPU
		{F0A8CDEE-3413-48DD-9CA4-B0B4350E4E48}.Debug|iPhone.Deploy.0 = Debug|Any CPU
		{F0A8CDEE-3413-48DD-9CA4-B0B4350E4E48}.Debug|iPhoneSimulator.ActiveCfg = Debug|Any CPU
		{F0A8CDEE-3413-48DD-9CA4-B0B4350E4E48}.Debug|iPhoneSimulator.Build.0 = Debug|Any CPU
		{F0A8CDEE-3413-48DD-9CA4-B0B4350E4E48}.Debug|iPhoneSimulator.Deploy.0 = Debug|Any CPU
		{F0A8CDEE-3413-48DD-9CA4-B0B4350E4E48}.Debug|x64.ActiveCfg = Debug|Any CPU
		{F0A8CDEE-3413-48DD-9CA4-B0B4350E4E48}.Debug|x64.Build.0 = Debug|Any CPU
		{F0A8CDEE-3413-48DD-9CA4-B0B4350E4E48}.Debug|x64.Deploy.0 = Debug|Any CPU
		{F0A8CDEE-3413-48DD-9CA4-B0B4350E4E48}.Debug|x86.ActiveCfg = Debug|Any CPU
		{F0A8CDEE-3413-48DD-9CA4-B0B4350E4E48}.Debug|x86.Build.0 = Debug|Any CPU
		{F0A8CDEE-3413-48DD-9CA4-B0B4350E4E48}.Debug|x86.Deploy.0 = Debug|Any CPU
		{F0A8CDEE-3413-48DD-9CA4-B0B4350E4E48}.Release|Any CPU.ActiveCfg = Release|Any CPU
		{F0A8CDEE-3413-48DD-9CA4-B0B4350E4E48}.Release|Any CPU.Build.0 = Release|Any CPU
		{F0A8CDEE-3413-48DD-9CA4-B0B4350E4E48}.Release|Any CPU.Deploy.0 = Release|Any CPU
		{F0A8CDEE-3413-48DD-9CA4-B0B4350E4E48}.Release|ARM.ActiveCfg = Release|Any CPU
		{F0A8CDEE-3413-48DD-9CA4-B0B4350E4E48}.Release|ARM.Build.0 = Release|Any CPU
		{F0A8CDEE-3413-48DD-9CA4-B0B4350E4E48}.Release|ARM.Deploy.0 = Release|Any CPU
		{F0A8CDEE-3413-48DD-9CA4-B0B4350E4E48}.Release|iPhone.ActiveCfg = Release|Any CPU
		{F0A8CDEE-3413-48DD-9CA4-B0B4350E4E48}.Release|iPhone.Build.0 = Release|Any CPU
		{F0A8CDEE-3413-48DD-9CA4-B0B4350E4E48}.Release|iPhone.Deploy.0 = Release|Any CPU
		{F0A8CDEE-3413-48DD-9CA4-B0B4350E4E48}.Release|iPhoneSimulator.ActiveCfg = Release|Any CPU
		{F0A8CDEE-3413-48DD-9CA4-B0B4350E4E48}.Release|iPhoneSimulator.Build.0 = Release|Any CPU
		{F0A8CDEE-3413-48DD-9CA4-B0B4350E4E48}.Release|iPhoneSimulator.Deploy.0 = Release|Any CPU
		{F0A8CDEE-3413-48DD-9CA4-B0B4350E4E48}.Release|x64.ActiveCfg = Release|Any CPU
		{F0A8CDEE-3413-48DD-9CA4-B0B4350E4E48}.Release|x64.Build.0 = Release|Any CPU
		{F0A8CDEE-3413-48DD-9CA4-B0B4350E4E48}.Release|x64.Deploy.0 = Release|Any CPU
		{F0A8CDEE-3413-48DD-9CA4-B0B4350E4E48}.Release|x86.ActiveCfg = Release|Any CPU
		{F0A8CDEE-3413-48DD-9CA4-B0B4350E4E48}.Release|x86.Build.0 = Release|Any CPU
		{F0A8CDEE-3413-48DD-9CA4-B0B4350E4E48}.Release|x86.Deploy.0 = Release|Any CPU
		{65551267-2F9A-4D8B-A87B-77B0494A229B}.Debug|Any CPU.ActiveCfg = Debug|iPhoneSimulator
		{65551267-2F9A-4D8B-A87B-77B0494A229B}.Debug|Any CPU.Build.0 = Debug|iPhoneSimulator
		{65551267-2F9A-4D8B-A87B-77B0494A229B}.Debug|Any CPU.Deploy.0 = Debug|iPhoneSimulator
		{65551267-2F9A-4D8B-A87B-77B0494A229B}.Debug|ARM.ActiveCfg = Debug|iPhoneSimulator
		{65551267-2F9A-4D8B-A87B-77B0494A229B}.Debug|ARM.Build.0 = Debug|iPhoneSimulator
		{65551267-2F9A-4D8B-A87B-77B0494A229B}.Debug|ARM.Deploy.0 = Debug|iPhoneSimulator
		{65551267-2F9A-4D8B-A87B-77B0494A229B}.Debug|iPhone.ActiveCfg = Debug|iPhone
		{65551267-2F9A-4D8B-A87B-77B0494A229B}.Debug|iPhone.Build.0 = Debug|iPhone
		{65551267-2F9A-4D8B-A87B-77B0494A229B}.Debug|iPhone.Deploy.0 = Debug|iPhone
		{65551267-2F9A-4D8B-A87B-77B0494A229B}.Debug|iPhoneSimulator.ActiveCfg = Debug|iPhoneSimulator
		{65551267-2F9A-4D8B-A87B-77B0494A229B}.Debug|iPhoneSimulator.Build.0 = Debug|iPhoneSimulator
		{65551267-2F9A-4D8B-A87B-77B0494A229B}.Debug|iPhoneSimulator.Deploy.0 = Debug|iPhoneSimulator
		{65551267-2F9A-4D8B-A87B-77B0494A229B}.Debug|x64.ActiveCfg = Debug|iPhone
		{65551267-2F9A-4D8B-A87B-77B0494A229B}.Debug|x64.Build.0 = Debug|iPhone
		{65551267-2F9A-4D8B-A87B-77B0494A229B}.Debug|x64.Deploy.0 = Debug|iPhone
		{65551267-2F9A-4D8B-A87B-77B0494A229B}.Debug|x86.ActiveCfg = Debug|iPhoneSimulator
		{65551267-2F9A-4D8B-A87B-77B0494A229B}.Debug|x86.Build.0 = Debug|iPhoneSimulator
		{65551267-2F9A-4D8B-A87B-77B0494A229B}.Debug|x86.Deploy.0 = Debug|iPhoneSimulator
		{65551267-2F9A-4D8B-A87B-77B0494A229B}.Release|Any CPU.ActiveCfg = Release|iPhoneSimulator
		{65551267-2F9A-4D8B-A87B-77B0494A229B}.Release|Any CPU.Build.0 = Release|iPhoneSimulator
		{65551267-2F9A-4D8B-A87B-77B0494A229B}.Release|Any CPU.Deploy.0 = Release|iPhoneSimulator
		{65551267-2F9A-4D8B-A87B-77B0494A229B}.Release|ARM.ActiveCfg = Release|iPhoneSimulator
		{65551267-2F9A-4D8B-A87B-77B0494A229B}.Release|ARM.Build.0 = Release|iPhoneSimulator
		{65551267-2F9A-4D8B-A87B-77B0494A229B}.Release|ARM.Deploy.0 = Release|iPhoneSimulator
		{65551267-2F9A-4D8B-A87B-77B0494A229B}.Release|iPhone.ActiveCfg = Release|iPhone
		{65551267-2F9A-4D8B-A87B-77B0494A229B}.Release|iPhone.Build.0 = Release|iPhone
		{65551267-2F9A-4D8B-A87B-77B0494A229B}.Release|iPhone.Deploy.0 = Release|iPhone
		{65551267-2F9A-4D8B-A87B-77B0494A229B}.Release|iPhoneSimulator.ActiveCfg = Release|iPhoneSimulator
		{65551267-2F9A-4D8B-A87B-77B0494A229B}.Release|iPhoneSimulator.Build.0 = Release|iPhoneSimulator
		{65551267-2F9A-4D8B-A87B-77B0494A229B}.Release|iPhoneSimulator.Deploy.0 = Release|iPhoneSimulator
		{65551267-2F9A-4D8B-A87B-77B0494A229B}.Release|x64.ActiveCfg = Release|iPhoneSimulator
		{65551267-2F9A-4D8B-A87B-77B0494A229B}.Release|x64.Build.0 = Release|iPhoneSimulator
		{65551267-2F9A-4D8B-A87B-77B0494A229B}.Release|x64.Deploy.0 = Release|iPhoneSimulator
		{65551267-2F9A-4D8B-A87B-77B0494A229B}.Release|x86.ActiveCfg = Release|iPhoneSimulator
		{65551267-2F9A-4D8B-A87B-77B0494A229B}.Release|x86.Build.0 = Release|iPhoneSimulator
		{65551267-2F9A-4D8B-A87B-77B0494A229B}.Release|x86.Deploy.0 = Release|iPhoneSimulator
		{32A34218-FCBA-48FB-9937-7BB12EB6CFAA}.Debug|Any CPU.ActiveCfg = Debug|Any CPU
		{32A34218-FCBA-48FB-9937-7BB12EB6CFAA}.Debug|Any CPU.Build.0 = Debug|Any CPU
		{32A34218-FCBA-48FB-9937-7BB12EB6CFAA}.Debug|Any CPU.Deploy.0 = Debug|Any CPU
		{32A34218-FCBA-48FB-9937-7BB12EB6CFAA}.Debug|ARM.ActiveCfg = Debug|Any CPU
		{32A34218-FCBA-48FB-9937-7BB12EB6CFAA}.Debug|ARM.Build.0 = Debug|Any CPU
		{32A34218-FCBA-48FB-9937-7BB12EB6CFAA}.Debug|ARM.Deploy.0 = Debug|Any CPU
		{32A34218-FCBA-48FB-9937-7BB12EB6CFAA}.Debug|iPhone.ActiveCfg = Debug|Any CPU
		{32A34218-FCBA-48FB-9937-7BB12EB6CFAA}.Debug|iPhone.Build.0 = Debug|Any CPU
		{32A34218-FCBA-48FB-9937-7BB12EB6CFAA}.Debug|iPhone.Deploy.0 = Debug|Any CPU
		{32A34218-FCBA-48FB-9937-7BB12EB6CFAA}.Debug|iPhoneSimulator.ActiveCfg = Debug|Any CPU
		{32A34218-FCBA-48FB-9937-7BB12EB6CFAA}.Debug|iPhoneSimulator.Build.0 = Debug|Any CPU
		{32A34218-FCBA-48FB-9937-7BB12EB6CFAA}.Debug|iPhoneSimulator.Deploy.0 = Debug|Any CPU
		{32A34218-FCBA-48FB-9937-7BB12EB6CFAA}.Debug|x64.ActiveCfg = Debug|Any CPU
		{32A34218-FCBA-48FB-9937-7BB12EB6CFAA}.Debug|x64.Build.0 = Debug|Any CPU
		{32A34218-FCBA-48FB-9937-7BB12EB6CFAA}.Debug|x64.Deploy.0 = Debug|Any CPU
		{32A34218-FCBA-48FB-9937-7BB12EB6CFAA}.Debug|x86.ActiveCfg = Debug|Any CPU
		{32A34218-FCBA-48FB-9937-7BB12EB6CFAA}.Debug|x86.Build.0 = Debug|Any CPU
		{32A34218-FCBA-48FB-9937-7BB12EB6CFAA}.Debug|x86.Deploy.0 = Debug|Any CPU
		{32A34218-FCBA-48FB-9937-7BB12EB6CFAA}.Release|Any CPU.ActiveCfg = Release|Any CPU
		{32A34218-FCBA-48FB-9937-7BB12EB6CFAA}.Release|Any CPU.Build.0 = Release|Any CPU
		{32A34218-FCBA-48FB-9937-7BB12EB6CFAA}.Release|Any CPU.Deploy.0 = Release|Any CPU
		{32A34218-FCBA-48FB-9937-7BB12EB6CFAA}.Release|ARM.ActiveCfg = Release|Any CPU
		{32A34218-FCBA-48FB-9937-7BB12EB6CFAA}.Release|ARM.Build.0 = Release|Any CPU
		{32A34218-FCBA-48FB-9937-7BB12EB6CFAA}.Release|ARM.Deploy.0 = Release|Any CPU
		{32A34218-FCBA-48FB-9937-7BB12EB6CFAA}.Release|iPhone.ActiveCfg = Release|Any CPU
		{32A34218-FCBA-48FB-9937-7BB12EB6CFAA}.Release|iPhone.Build.0 = Release|Any CPU
		{32A34218-FCBA-48FB-9937-7BB12EB6CFAA}.Release|iPhone.Deploy.0 = Release|Any CPU
		{32A34218-FCBA-48FB-9937-7BB12EB6CFAA}.Release|iPhoneSimulator.ActiveCfg = Release|Any CPU
		{32A34218-FCBA-48FB-9937-7BB12EB6CFAA}.Release|iPhoneSimulator.Build.0 = Release|Any CPU
		{32A34218-FCBA-48FB-9937-7BB12EB6CFAA}.Release|iPhoneSimulator.Deploy.0 = Release|Any CPU
		{32A34218-FCBA-48FB-9937-7BB12EB6CFAA}.Release|x64.ActiveCfg = Release|Any CPU
		{32A34218-FCBA-48FB-9937-7BB12EB6CFAA}.Release|x64.Build.0 = Release|Any CPU
		{32A34218-FCBA-48FB-9937-7BB12EB6CFAA}.Release|x64.Deploy.0 = Release|Any CPU
		{32A34218-FCBA-48FB-9937-7BB12EB6CFAA}.Release|x86.ActiveCfg = Release|Any CPU
		{32A34218-FCBA-48FB-9937-7BB12EB6CFAA}.Release|x86.Build.0 = Release|Any CPU
		{32A34218-FCBA-48FB-9937-7BB12EB6CFAA}.Release|x86.Deploy.0 = Release|Any CPU
	EndGlobalSection
	GlobalSection(SolutionProperties) = preSolution
		HideSolutionNode = FALSE
	EndGlobalSection
	GlobalSection(ExtensibilityGlobals) = postSolution
		SolutionGuid = {F045E2C4-35DB-47EF-B845-20F784621F02}
	EndGlobalSection
EndGlobal
